
Microsoft Visual Studio Solution File, Format Version 12.00
# Visual Studio Version 17
VisualStudioVersion = 17.5.33502.453
MinimumVisualStudioVersion = 10.0.40219.1
Project("{8BC9CEB8-8B4A-11D0-8D11-00A0C91BC942}") = "RainfallNative", "RainfallNative\RainfallNative.vcxproj", "{A266D521-2370-40EC-8345-3F0F5451235C}"
	ProjectSection(ProjectDependencies) = postProject
		{3B2DE972-9E32-48F8-8551-28D605C57EE5} = {3B2DE972-9E32-48F8-8551-28D605C57EE5}
	EndProjectSection
EndProject
Project("{9A19103F-16F7-4668-BE54-9A1E7A4F7556}") = "Rainfall", "Rainfall\Rainfall.csproj", "{1F3134CF-D88C-46CC-BA5F-80B8713AA721}"
	ProjectSection(ProjectDependencies) = postProject
		{A266D521-2370-40EC-8345-3F0F5451235C} = {A266D521-2370-40EC-8345-3F0F5451235C}
	EndProjectSection
EndProject
Project("{8BC9CEB8-8B4A-11D0-8D11-00A0C91BC942}") = "RainfallResourceCompiler", "RainfallResourceCompiler\RainfallResourceCompiler.vcxproj", "{3B2DE972-9E32-48F8-8551-28D605C57EE5}"
EndProject
Project("{9A19103F-16F7-4668-BE54-9A1E7A4F7556}") = "Rainfall3D", "Rainfall3D\Rainfall3D.csproj", "{1C4C7110-01D2-4637-AC53-32841AA44A3F}"
EndProject
Project("{9A19103F-16F7-4668-BE54-9A1E7A4F7556}") = "DungeonGame", "DungeonGame\DungeonGame.csproj", "{BE4BA4C3-6B2A-4AF5-B02F-426DE50C2C28}"
	ProjectSection(ProjectDependencies) = postProject
		{A266D521-2370-40EC-8345-3F0F5451235C} = {A266D521-2370-40EC-8345-3F0F5451235C}
	EndProjectSection
EndProject
Project("{9A19103F-16F7-4668-BE54-9A1E7A4F7556}") = "VoxelEngine", "VoxelEngine\VoxelEngine.csproj", "{93458D03-3CD6-42AA-B554-E11F38B0D4F4}"
EndProject
Project("{9A19103F-16F7-4668-BE54-9A1E7A4F7556}") = "Rainfall2D", "Rainfall2D\Rainfall2D.csproj", "{982C9FE2-79A8-4163-A78E-1CA53C108DC3}"
EndProject
Project("{9A19103F-16F7-4668-BE54-9A1E7A4F7556}") = "MumbleWizard", "MumbleWizard\MumbleWizard.csproj", "{E66CFFE5-28F8-41AE-B75A-36DDAB945492}"
EndProject
Project("{9A19103F-16F7-4668-BE54-9A1E7A4F7556}") = "Roguelike", "Roguelike\Roguelike.csproj", "{3087DB65-94CF-422A-9800-E2574E12093C}"
EndProject
Project("{9A19103F-16F7-4668-BE54-9A1E7A4F7556}") = "RainfallEditor", "RainfallEditor\RainfallEditor.csproj", "{573A5983-26EE-4E68-AA99-3130F1A91382}"
EndProject
Project("{9A19103F-16F7-4668-BE54-9A1E7A4F7556}") = "FPSSouls", "..\..\2024\FPSSouls\FPSSouls\FPSSouls.csproj", "{6DFBA34F-56B4-4ADE-9813-B15FBA45DA09}"
EndProject
Project("{9A19103F-16F7-4668-BE54-9A1E7A4F7556}") = "MirrorBlade", "..\..\2024\MirrorBlade\MirrorBlade\MirrorBlade.csproj", "{D6C26713-4316-496B-A9B5-8E49DF343FAE}"
EndProject
Global
	GlobalSection(SolutionConfigurationPlatforms) = preSolution
		Debug|Any CPU = Debug|Any CPU
		Debug|x64 = Debug|x64
		Debug|x86 = Debug|x86
		Release|Any CPU = Release|Any CPU
		Release|x64 = Release|x64
		Release|x86 = Release|x86
	EndGlobalSection
	GlobalSection(ProjectConfigurationPlatforms) = postSolution
		{A266D521-2370-40EC-8345-3F0F5451235C}.Debug|Any CPU.ActiveCfg = Debug|x64
		{A266D521-2370-40EC-8345-3F0F5451235C}.Debug|Any CPU.Build.0 = Debug|x64
		{A266D521-2370-40EC-8345-3F0F5451235C}.Debug|x64.ActiveCfg = Debug|x64
		{A266D521-2370-40EC-8345-3F0F5451235C}.Debug|x64.Build.0 = Debug|x64
		{A266D521-2370-40EC-8345-3F0F5451235C}.Debug|x86.ActiveCfg = Debug|Win32
		{A266D521-2370-40EC-8345-3F0F5451235C}.Debug|x86.Build.0 = Debug|Win32
		{A266D521-2370-40EC-8345-3F0F5451235C}.Release|Any CPU.ActiveCfg = Release|x64
		{A266D521-2370-40EC-8345-3F0F5451235C}.Release|Any CPU.Build.0 = Release|x64
		{A266D521-2370-40EC-8345-3F0F5451235C}.Release|x64.ActiveCfg = Release|x64
		{A266D521-2370-40EC-8345-3F0F5451235C}.Release|x64.Build.0 = Release|x64
		{A266D521-2370-40EC-8345-3F0F5451235C}.Release|x86.ActiveCfg = Release|Win32
		{A266D521-2370-40EC-8345-3F0F5451235C}.Release|x86.Build.0 = Release|Win32
		{1F3134CF-D88C-46CC-BA5F-80B8713AA721}.Debug|Any CPU.ActiveCfg = Debug|Any CPU
		{1F3134CF-D88C-46CC-BA5F-80B8713AA721}.Debug|Any CPU.Build.0 = Debug|Any CPU
		{1F3134CF-D88C-46CC-BA5F-80B8713AA721}.Debug|x64.ActiveCfg = Debug|x64
		{1F3134CF-D88C-46CC-BA5F-80B8713AA721}.Debug|x64.Build.0 = Debug|x64
		{1F3134CF-D88C-46CC-BA5F-80B8713AA721}.Debug|x86.ActiveCfg = Debug|Any CPU
		{1F3134CF-D88C-46CC-BA5F-80B8713AA721}.Debug|x86.Build.0 = Debug|Any CPU
		{1F3134CF-D88C-46CC-BA5F-80B8713AA721}.Release|Any CPU.ActiveCfg = Release|Any CPU
		{1F3134CF-D88C-46CC-BA5F-80B8713AA721}.Release|Any CPU.Build.0 = Release|Any CPU
		{1F3134CF-D88C-46CC-BA5F-80B8713AA721}.Release|x64.ActiveCfg = Release|x64
		{1F3134CF-D88C-46CC-BA5F-80B8713AA721}.Release|x64.Build.0 = Release|x64
		{1F3134CF-D88C-46CC-BA5F-80B8713AA721}.Release|x86.ActiveCfg = Release|Any CPU
		{1F3134CF-D88C-46CC-BA5F-80B8713AA721}.Release|x86.Build.0 = Release|Any CPU
		{3B2DE972-9E32-48F8-8551-28D605C57EE5}.Debug|Any CPU.ActiveCfg = Debug|x64
		{3B2DE972-9E32-48F8-8551-28D605C57EE5}.Debug|Any CPU.Build.0 = Debug|x64
		{3B2DE972-9E32-48F8-8551-28D605C57EE5}.Debug|x64.ActiveCfg = Debug|x64
		{3B2DE972-9E32-48F8-8551-28D605C57EE5}.Debug|x64.Build.0 = Debug|x64
		{3B2DE972-9E32-48F8-8551-28D605C57EE5}.Debug|x86.ActiveCfg = Debug|Win32
		{3B2DE972-9E32-48F8-8551-28D605C57EE5}.Debug|x86.Build.0 = Debug|Win32
		{3B2DE972-9E32-48F8-8551-28D605C57EE5}.Release|Any CPU.ActiveCfg = Release|x64
		{3B2DE972-9E32-48F8-8551-28D605C57EE5}.Release|Any CPU.Build.0 = Release|x64
		{3B2DE972-9E32-48F8-8551-28D605C57EE5}.Release|x64.ActiveCfg = Release|x64
		{3B2DE972-9E32-48F8-8551-28D605C57EE5}.Release|x64.Build.0 = Release|x64
		{3B2DE972-9E32-48F8-8551-28D605C57EE5}.Release|x86.ActiveCfg = Release|Win32
		{3B2DE972-9E32-48F8-8551-28D605C57EE5}.Release|x86.Build.0 = Release|Win32
		{1C4C7110-01D2-4637-AC53-32841AA44A3F}.Debug|Any CPU.ActiveCfg = Debug|Any CPU
		{1C4C7110-01D2-4637-AC53-32841AA44A3F}.Debug|Any CPU.Build.0 = Debug|Any CPU
		{1C4C7110-01D2-4637-AC53-32841AA44A3F}.Debug|x64.ActiveCfg = Debug|x64
		{1C4C7110-01D2-4637-AC53-32841AA44A3F}.Debug|x64.Build.0 = Debug|x64
		{1C4C7110-01D2-4637-AC53-32841AA44A3F}.Debug|x86.ActiveCfg = Debug|Any CPU
		{1C4C7110-01D2-4637-AC53-32841AA44A3F}.Debug|x86.Build.0 = Debug|Any CPU
		{1C4C7110-01D2-4637-AC53-32841AA44A3F}.Release|Any CPU.ActiveCfg = Release|Any CPU
		{1C4C7110-01D2-4637-AC53-32841AA44A3F}.Release|Any CPU.Build.0 = Release|Any CPU
		{1C4C7110-01D2-4637-AC53-32841AA44A3F}.Release|x64.ActiveCfg = Release|x64
		{1C4C7110-01D2-4637-AC53-32841AA44A3F}.Release|x64.Build.0 = Release|x64
		{1C4C7110-01D2-4637-AC53-32841AA44A3F}.Release|x86.ActiveCfg = Release|Any CPU
		{1C4C7110-01D2-4637-AC53-32841AA44A3F}.Release|x86.Build.0 = Release|Any CPU
		{BE4BA4C3-6B2A-4AF5-B02F-426DE50C2C28}.Debug|Any CPU.ActiveCfg = Debug|Any CPU
		{BE4BA4C3-6B2A-4AF5-B02F-426DE50C2C28}.Debug|Any CPU.Build.0 = Debug|Any CPU
		{BE4BA4C3-6B2A-4AF5-B02F-426DE50C2C28}.Debug|x64.ActiveCfg = Debug|x64
		{BE4BA4C3-6B2A-4AF5-B02F-426DE50C2C28}.Debug|x64.Build.0 = Debug|x64
		{BE4BA4C3-6B2A-4AF5-B02F-426DE50C2C28}.Debug|x86.ActiveCfg = Debug|Any CPU
		{BE4BA4C3-6B2A-4AF5-B02F-426DE50C2C28}.Debug|x86.Build.0 = Debug|Any CPU
		{BE4BA4C3-6B2A-4AF5-B02F-426DE50C2C28}.Release|Any CPU.ActiveCfg = Release|Any CPU
		{BE4BA4C3-6B2A-4AF5-B02F-426DE50C2C28}.Release|Any CPU.Build.0 = Release|Any CPU
		{BE4BA4C3-6B2A-4AF5-B02F-426DE50C2C28}.Release|x64.ActiveCfg = Release|x64
		{BE4BA4C3-6B2A-4AF5-B02F-426DE50C2C28}.Release|x64.Build.0 = Release|x64
		{BE4BA4C3-6B2A-4AF5-B02F-426DE50C2C28}.Release|x86.ActiveCfg = Release|Any CPU
		{BE4BA4C3-6B2A-4AF5-B02F-426DE50C2C28}.Release|x86.Build.0 = Release|Any CPU
		{93458D03-3CD6-42AA-B554-E11F38B0D4F4}.Debug|Any CPU.ActiveCfg = Debug|Any CPU
		{93458D03-3CD6-42AA-B554-E11F38B0D4F4}.Debug|Any CPU.Build.0 = Debug|Any CPU
		{93458D03-3CD6-42AA-B554-E11F38B0D4F4}.Debug|x64.ActiveCfg = Debug|x64
		{93458D03-3CD6-42AA-B554-E11F38B0D4F4}.Debug|x64.Build.0 = Debug|x64
		{93458D03-3CD6-42AA-B554-E11F38B0D4F4}.Debug|x86.ActiveCfg = Debug|Any CPU
		{93458D03-3CD6-42AA-B554-E11F38B0D4F4}.Debug|x86.Build.0 = Debug|Any CPU
		{93458D03-3CD6-42AA-B554-E11F38B0D4F4}.Release|Any CPU.ActiveCfg = Release|Any CPU
		{93458D03-3CD6-42AA-B554-E11F38B0D4F4}.Release|Any CPU.Build.0 = Release|Any CPU
		{93458D03-3CD6-42AA-B554-E11F38B0D4F4}.Release|x64.ActiveCfg = Release|x64
		{93458D03-3CD6-42AA-B554-E11F38B0D4F4}.Release|x64.Build.0 = Release|x64
		{93458D03-3CD6-42AA-B554-E11F38B0D4F4}.Release|x86.ActiveCfg = Release|Any CPU
		{93458D03-3CD6-42AA-B554-E11F38B0D4F4}.Release|x86.Build.0 = Release|Any CPU
		{982C9FE2-79A8-4163-A78E-1CA53C108DC3}.Debug|Any CPU.ActiveCfg = Debug|Any CPU
		{982C9FE2-79A8-4163-A78E-1CA53C108DC3}.Debug|Any CPU.Build.0 = Debug|Any CPU
		{982C9FE2-79A8-4163-A78E-1CA53C108DC3}.Debug|x64.ActiveCfg = Debug|x64
		{982C9FE2-79A8-4163-A78E-1CA53C108DC3}.Debug|x64.Build.0 = Debug|x64
		{982C9FE2-79A8-4163-A78E-1CA53C108DC3}.Debug|x86.ActiveCfg = Debug|Any CPU
		{982C9FE2-79A8-4163-A78E-1CA53C108DC3}.Debug|x86.Build.0 = Debug|Any CPU
		{982C9FE2-79A8-4163-A78E-1CA53C108DC3}.Release|Any CPU.ActiveCfg = Release|Any CPU
		{982C9FE2-79A8-4163-A78E-1CA53C108DC3}.Release|Any CPU.Build.0 = Release|Any CPU
		{982C9FE2-79A8-4163-A78E-1CA53C108DC3}.Release|x64.ActiveCfg = Release|x64
		{982C9FE2-79A8-4163-A78E-1CA53C108DC3}.Release|x64.Build.0 = Release|x64
		{982C9FE2-79A8-4163-A78E-1CA53C108DC3}.Release|x86.ActiveCfg = Release|Any CPU
		{982C9FE2-79A8-4163-A78E-1CA53C108DC3}.Release|x86.Build.0 = Release|Any CPU
		{E66CFFE5-28F8-41AE-B75A-36DDAB945492}.Debug|Any CPU.ActiveCfg = Debug|Any CPU
		{E66CFFE5-28F8-41AE-B75A-36DDAB945492}.Debug|Any CPU.Build.0 = Debug|Any CPU
		{E66CFFE5-28F8-41AE-B75A-36DDAB945492}.Debug|x64.ActiveCfg = Debug|x64
		{E66CFFE5-28F8-41AE-B75A-36DDAB945492}.Debug|x64.Build.0 = Debug|x64
		{E66CFFE5-28F8-41AE-B75A-36DDAB945492}.Debug|x86.ActiveCfg = Debug|Any CPU
		{E66CFFE5-28F8-41AE-B75A-36DDAB945492}.Debug|x86.Build.0 = Debug|Any CPU
		{E66CFFE5-28F8-41AE-B75A-36DDAB945492}.Release|Any CPU.ActiveCfg = Release|Any CPU
		{E66CFFE5-28F8-41AE-B75A-36DDAB945492}.Release|Any CPU.Build.0 = Release|Any CPU
		{E66CFFE5-28F8-41AE-B75A-36DDAB945492}.Release|x64.ActiveCfg = Release|x64
		{E66CFFE5-28F8-41AE-B75A-36DDAB945492}.Release|x64.Build.0 = Release|x64
		{E66CFFE5-28F8-41AE-B75A-36DDAB945492}.Release|x86.ActiveCfg = Release|Any CPU
		{E66CFFE5-28F8-41AE-B75A-36DDAB945492}.Release|x86.Build.0 = Release|Any CPU
		{3087DB65-94CF-422A-9800-E2574E12093C}.Debug|Any CPU.ActiveCfg = Debug|Any CPU
		{3087DB65-94CF-422A-9800-E2574E12093C}.Debug|Any CPU.Build.0 = Debug|Any CPU
		{3087DB65-94CF-422A-9800-E2574E12093C}.Debug|x64.ActiveCfg = Debug|x64
		{3087DB65-94CF-422A-9800-E2574E12093C}.Debug|x64.Build.0 = Debug|x64
		{3087DB65-94CF-422A-9800-E2574E12093C}.Debug|x86.ActiveCfg = Debug|Any CPU
		{3087DB65-94CF-422A-9800-E2574E12093C}.Debug|x86.Build.0 = Debug|Any CPU
		{3087DB65-94CF-422A-9800-E2574E12093C}.Release|Any CPU.ActiveCfg = Release|Any CPU
		{3087DB65-94CF-422A-9800-E2574E12093C}.Release|Any CPU.Build.0 = Release|Any CPU
		{3087DB65-94CF-422A-9800-E2574E12093C}.Release|x64.ActiveCfg = Release|x64
		{3087DB65-94CF-422A-9800-E2574E12093C}.Release|x64.Build.0 = Release|x64
		{3087DB65-94CF-422A-9800-E2574E12093C}.Release|x86.ActiveCfg = Release|Any CPU
		{3087DB65-94CF-422A-9800-E2574E12093C}.Release|x86.Build.0 = Release|Any CPU
		{573A5983-26EE-4E68-AA99-3130F1A91382}.Debug|Any CPU.ActiveCfg = Debug|Any CPU
		{573A5983-26EE-4E68-AA99-3130F1A91382}.Debug|Any CPU.Build.0 = Debug|Any CPU
		{573A5983-26EE-4E68-AA99-3130F1A91382}.Debug|x64.ActiveCfg = Debug|x64
		{573A5983-26EE-4E68-AA99-3130F1A91382}.Debug|x64.Build.0 = Debug|x64
		{573A5983-26EE-4E68-AA99-3130F1A91382}.Debug|x86.ActiveCfg = Debug|Any CPU
		{573A5983-26EE-4E68-AA99-3130F1A91382}.Debug|x86.Build.0 = Debug|Any CPU
		{573A5983-26EE-4E68-AA99-3130F1A91382}.Release|Any CPU.ActiveCfg = Release|Any CPU
		{573A5983-26EE-4E68-AA99-3130F1A91382}.Release|Any CPU.Build.0 = Release|Any CPU
		{573A5983-26EE-4E68-AA99-3130F1A91382}.Release|x64.ActiveCfg = Release|Any CPU
		{573A5983-26EE-4E68-AA99-3130F1A91382}.Release|x64.Build.0 = Release|Any CPU
		{573A5983-26EE-4E68-AA99-3130F1A91382}.Release|x86.ActiveCfg = Release|Any CPU
		{573A5983-26EE-4E68-AA99-3130F1A91382}.Release|x86.Build.0 = Release|Any CPU
		{6DFBA34F-56B4-4ADE-9813-B15FBA45DA09}.Debug|Any CPU.ActiveCfg = Debug|Any CPU
		{6DFBA34F-56B4-4ADE-9813-B15FBA45DA09}.Debug|Any CPU.Build.0 = Debug|Any CPU
		{6DFBA34F-56B4-4ADE-9813-B15FBA45DA09}.Debug|x64.ActiveCfg = Debug|Any CPU
		{6DFBA34F-56B4-4ADE-9813-B15FBA45DA09}.Debug|x64.Build.0 = Debug|Any CPU
		{6DFBA34F-56B4-4ADE-9813-B15FBA45DA09}.Debug|x86.ActiveCfg = Debug|Any CPU
		{6DFBA34F-56B4-4ADE-9813-B15FBA45DA09}.Debug|x86.Build.0 = Debug|Any CPU
		{6DFBA34F-56B4-4ADE-9813-B15FBA45DA09}.Release|Any CPU.ActiveCfg = Release|Any CPU
		{6DFBA34F-56B4-4ADE-9813-B15FBA45DA09}.Release|Any CPU.Build.0 = Release|Any CPU
		{6DFBA34F-56B4-4ADE-9813-B15FBA45DA09}.Release|x64.ActiveCfg = Release|Any CPU
		{6DFBA34F-56B4-4ADE-9813-B15FBA45DA09}.Release|x64.Build.0 = Release|Any CPU
		{6DFBA34F-56B4-4ADE-9813-B15FBA45DA09}.Release|x86.ActiveCfg = Release|Any CPU
		{6DFBA34F-56B4-4ADE-9813-B15FBA45DA09}.Release|x86.Build.0 = Release|Any CPU
		{D6C26713-4316-496B-A9B5-8E49DF343FAE}.Debug|Any CPU.ActiveCfg = Debug|Any CPU
		{D6C26713-4316-496B-A9B5-8E49DF343FAE}.Debug|Any CPU.Build.0 = Debug|Any CPU
		{D6C26713-4316-496B-A9B5-8E49DF343FAE}.Debug|x64.ActiveCfg = Debug|Any CPU
		{D6C26713-4316-496B-A9B5-8E49DF343FAE}.Debug|x64.Build.0 = Debug|Any CPU
		{D6C26713-4316-496B-A9B5-8E49DF343FAE}.Debug|x86.ActiveCfg = Debug|Any CPU
		{D6C26713-4316-496B-A9B5-8E49DF343FAE}.Debug|x86.Build.0 = Debug|Any CPU
		{D6C26713-4316-496B-A9B5-8E49DF343FAE}.Release|Any CPU.ActiveCfg = Release|Any CPU
		{D6C26713-4316-496B-A9B5-8E49DF343FAE}.Release|Any CPU.Build.0 = Release|Any CPU
		{D6C26713-4316-496B-A9B5-8E49DF343FAE}.Release|x64.ActiveCfg = Release|Any CPU
		{D6C26713-4316-496B-A9B5-8E49DF343FAE}.Release|x64.Build.0 = Release|Any CPU
		{D6C26713-4316-496B-A9B5-8E49DF343FAE}.Release|x86.ActiveCfg = Release|Any CPU
		{D6C26713-4316-496B-A9B5-8E49DF343FAE}.Release|x86.Build.0 = Release|Any CPU
	EndGlobalSection
	GlobalSection(SolutionProperties) = preSolution
		HideSolutionNode = FALSE
	EndGlobalSection
	GlobalSection(ExtensibilityGlobals) = postSolution
		SolutionGuid = {1B772580-02B5-4333-9233-F6C57B5DDEF6}
	EndGlobalSection
EndGlobal
