
Microsoft Visual Studio Solution File, Format Version 12.00
# Visual Studio Version 17
VisualStudioVersion = 17.5.33502.453
MinimumVisualStudioVersion = 10.0.40219.1
Project("{8BC9CEB8-8B4A-11D0-8D11-00A0C91BC942}") = "RainfallNative", "RainfallNative\RainfallNative.vcxproj", "{A266D521-2370-40EC-8345-3F0F5451235C}"
	ProjectSection(ProjectDependencies) = postProject
		{3B2DE972-9E32-48F8-8551-28D605C57EE5} = {3B2DE972-9E32-48F8-8551-28D605C57EE5}
	EndProjectSection
EndProject
Project("{9A19103F-16F7-4668-BE54-9A1E7A4F7556}") = "Rainfall", "Rainfall\Rainfall.csproj", "{1F3134CF-D88C-46CC-BA5F-80B8713AA721}"
	ProjectSection(ProjectDependencies) = postProject
		{A266D521-2370-40EC-8345-3F0F5451235C} = {A266D521-2370-40EC-8345-3F0F5451235C}
	EndProjectSection
EndProject
Project("{8BC9CEB8-8B4A-11D0-8D11-00A0C91BC942}") = "RainfallResourceCompiler", "RainfallResourceCompiler\RainfallResourceCompiler.vcxproj", "{3B2DE972-9E32-48F8-8551-28D605C57EE5}"
EndProject
Project("{9A19103F-16F7-4668-BE54-9A1E7A4F7556}") = "Rainfall3D", "Rainfall3D\Rainfall3D.csproj", "{1C4C7110-01D2-4637-AC53-32841AA44A3F}"
EndProject
Project("{9A19103F-16F7-4668-BE54-9A1E7A4F7556}") = "Rainfall2D", "Rainfall2D\Rainfall2D.csproj", "{982C9FE2-79A8-4163-A78E-1CA53C108DC3}"
EndProject
Project("{9A19103F-16F7-4668-BE54-9A1E7A4F7556}") = "RainfallEditor", "RainfallEditor\RainfallEditor.csproj", "{573A5983-26EE-4E68-AA99-3130F1A91382}"
EndProject
Project("{9A19103F-16F7-4668-BE54-9A1E7A4F7556}") = "Test3D", "Test3D\Test3D.csproj", "{89A55385-2A68-41A1-9415-C45C6736C22E}"
EndProject
Project("{9A19103F-16F7-4668-BE54-9A1E7A4F7556}") = "IvoryKeep", "IvoryKeep\IvoryKeep.csproj", "{C5C7EECE-0732-4B4E-ACD7-A38443D2739A}"
EndProject
Global
	GlobalSection(SolutionConfigurationPlatforms) = preSolution
		Debug|Any CPU = Debug|Any CPU
		Debug|x64 = Debug|x64
		Debug|x86 = Debug|x86
		Release|Any CPU = Release|Any CPU
		Release|x64 = Release|x64
		Release|x86 = Release|x86
		ReleaseLight|Any CPU = ReleaseLight|Any CPU
		ReleaseLight|x64 = ReleaseLight|x64
		ReleaseLight|x86 = ReleaseLight|x86
	EndGlobalSection
	GlobalSection(ProjectConfigurationPlatforms) = postSolution
		{A266D521-2370-40EC-8345-3F0F5451235C}.Debug|Any CPU.ActiveCfg = Debug|x64
		{A266D521-2370-40EC-8345-3F0F5451235C}.Debug|Any CPU.Build.0 = Debug|x64
		{A266D521-2370-40EC-8345-3F0F5451235C}.Debug|x64.ActiveCfg = Debug|x64
		{A266D521-2370-40EC-8345-3F0F5451235C}.Debug|x64.Build.0 = Debug|x64
		{A266D521-2370-40EC-8345-3F0F5451235C}.Debug|x86.ActiveCfg = Debug|Win32
		{A266D521-2370-40EC-8345-3F0F5451235C}.Debug|x86.Build.0 = Debug|Win32
		{A266D521-2370-40EC-8345-3F0F5451235C}.Release|Any CPU.ActiveCfg = Release|x64
		{A266D521-2370-40EC-8345-3F0F5451235C}.Release|Any CPU.Build.0 = Release|x64
		{A266D521-2370-40EC-8345-3F0F5451235C}.Release|x64.ActiveCfg = Release|x64
		{A266D521-2370-40EC-8345-3F0F5451235C}.Release|x64.Build.0 = Release|x64
		{A266D521-2370-40EC-8345-3F0F5451235C}.Release|x86.ActiveCfg = Release|Win32
		{A266D521-2370-40EC-8345-3F0F5451235C}.Release|x86.Build.0 = Release|Win32
		{A266D521-2370-40EC-8345-3F0F5451235C}.ReleaseLight|Any CPU.ActiveCfg = ReleaseLight|x64
		{A266D521-2370-40EC-8345-3F0F5451235C}.ReleaseLight|Any CPU.Build.0 = ReleaseLight|x64
		{A266D521-2370-40EC-8345-3F0F5451235C}.ReleaseLight|x64.ActiveCfg = ReleaseLight|x64
		{A266D521-2370-40EC-8345-3F0F5451235C}.ReleaseLight|x64.Build.0 = ReleaseLight|x64
		{A266D521-2370-40EC-8345-3F0F5451235C}.ReleaseLight|x86.ActiveCfg = ReleaseLight|Win32
		{A266D521-2370-40EC-8345-3F0F5451235C}.ReleaseLight|x86.Build.0 = ReleaseLight|Win32
		{1F3134CF-D88C-46CC-BA5F-80B8713AA721}.Debug|Any CPU.ActiveCfg = Debug|Any CPU
		{1F3134CF-D88C-46CC-BA5F-80B8713AA721}.Debug|Any CPU.Build.0 = Debug|Any CPU
		{1F3134CF-D88C-46CC-BA5F-80B8713AA721}.Debug|x64.ActiveCfg = Debug|x64
		{1F3134CF-D88C-46CC-BA5F-80B8713AA721}.Debug|x64.Build.0 = Debug|x64
		{1F3134CF-D88C-46CC-BA5F-80B8713AA721}.Debug|x86.ActiveCfg = Debug|Any CPU
		{1F3134CF-D88C-46CC-BA5F-80B8713AA721}.Debug|x86.Build.0 = Debug|Any CPU
		{1F3134CF-D88C-46CC-BA5F-80B8713AA721}.Release|Any CPU.ActiveCfg = Release|Any CPU
		{1F3134CF-D88C-46CC-BA5F-80B8713AA721}.Release|Any CPU.Build.0 = Release|Any CPU
		{1F3134CF-D88C-46CC-BA5F-80B8713AA721}.Release|x64.ActiveCfg = Release|x64
		{1F3134CF-D88C-46CC-BA5F-80B8713AA721}.Release|x64.Build.0 = Release|x64
		{1F3134CF-D88C-46CC-BA5F-80B8713AA721}.Release|x86.ActiveCfg = Release|Any CPU
		{1F3134CF-D88C-46CC-BA5F-80B8713AA721}.Release|x86.Build.0 = Release|Any CPU
		{1F3134CF-D88C-46CC-BA5F-80B8713AA721}.ReleaseLight|Any CPU.ActiveCfg = Release|Any CPU
		{1F3134CF-D88C-46CC-BA5F-80B8713AA721}.ReleaseLight|Any CPU.Build.0 = Release|Any CPU
		{1F3134CF-D88C-46CC-BA5F-80B8713AA721}.ReleaseLight|x64.ActiveCfg = Release|x64
		{1F3134CF-D88C-46CC-BA5F-80B8713AA721}.ReleaseLight|x86.ActiveCfg = Release|Any CPU
		{3B2DE972-9E32-48F8-8551-28D605C57EE5}.Debug|Any CPU.ActiveCfg = Debug|x64
		{3B2DE972-9E32-48F8-8551-28D605C57EE5}.Debug|Any CPU.Build.0 = Debug|x64
		{3B2DE972-9E32-48F8-8551-28D605C57EE5}.Debug|x64.ActiveCfg = Debug|x64
		{3B2DE972-9E32-48F8-8551-28D605C57EE5}.Debug|x64.Build.0 = Debug|x64
		{3B2DE972-9E32-48F8-8551-28D605C57EE5}.Debug|x86.ActiveCfg = Debug|Win32
		{3B2DE972-9E32-48F8-8551-28D605C57EE5}.Debug|x86.Build.0 = Debug|Win32
		{3B2DE972-9E32-48F8-8551-28D605C57EE5}.Release|Any CPU.ActiveCfg = Release|x64
		{3B2DE972-9E32-48F8-8551-28D605C57EE5}.Release|Any CPU.Build.0 = Release|x64
		{3B2DE972-9E32-48F8-8551-28D605C57EE5}.Release|x64.ActiveCfg = Release|x64
		{3B2DE972-9E32-48F8-8551-28D605C57EE5}.Release|x64.Build.0 = Release|x64
		{3B2DE972-9E32-48F8-8551-28D605C57EE5}.Release|x86.ActiveCfg = Release|Win32
		{3B2DE972-9E32-48F8-8551-28D605C57EE5}.Release|x86.Build.0 = Release|Win32
		{3B2DE972-9E32-48F8-8551-28D605C57EE5}.ReleaseLight|Any CPU.ActiveCfg = Release|x64
		{3B2DE972-9E32-48F8-8551-28D605C57EE5}.ReleaseLight|Any CPU.Build.0 = Release|x64
		{3B2DE972-9E32-48F8-8551-28D605C57EE5}.ReleaseLight|x64.ActiveCfg = Release|x64
		{3B2DE972-9E32-48F8-8551-28D605C57EE5}.ReleaseLight|x86.ActiveCfg = Release|Win32
		{1C4C7110-01D2-4637-AC53-32841AA44A3F}.Debug|Any CPU.ActiveCfg = Debug|Any CPU
		{1C4C7110-01D2-4637-AC53-32841AA44A3F}.Debug|Any CPU.Build.0 = Debug|Any CPU
		{1C4C7110-01D2-4637-AC53-32841AA44A3F}.Debug|x64.ActiveCfg = Debug|x64
		{1C4C7110-01D2-4637-AC53-32841AA44A3F}.Debug|x64.Build.0 = Debug|x64
		{1C4C7110-01D2-4637-AC53-32841AA44A3F}.Debug|x86.ActiveCfg = Debug|Any CPU
		{1C4C7110-01D2-4637-AC53-32841AA44A3F}.Debug|x86.Build.0 = Debug|Any CPU
		{1C4C7110-01D2-4637-AC53-32841AA44A3F}.Release|Any CPU.ActiveCfg = Release|Any CPU
		{1C4C7110-01D2-4637-AC53-32841AA44A3F}.Release|Any CPU.Build.0 = Release|Any CPU
		{1C4C7110-01D2-4637-AC53-32841AA44A3F}.Release|x64.ActiveCfg = Release|x64
		{1C4C7110-01D2-4637-AC53-32841AA44A3F}.Release|x64.Build.0 = Release|x64
		{1C4C7110-01D2-4637-AC53-32841AA44A3F}.Release|x86.ActiveCfg = Release|Any CPU
		{1C4C7110-01D2-4637-AC53-32841AA44A3F}.Release|x86.Build.0 = Release|Any CPU
		{1C4C7110-01D2-4637-AC53-32841AA44A3F}.ReleaseLight|Any CPU.ActiveCfg = Release|Any CPU
		{1C4C7110-01D2-4637-AC53-32841AA44A3F}.ReleaseLight|Any CPU.Build.0 = Release|Any CPU
		{1C4C7110-01D2-4637-AC53-32841AA44A3F}.ReleaseLight|x64.ActiveCfg = Release|x64
		{1C4C7110-01D2-4637-AC53-32841AA44A3F}.ReleaseLight|x86.ActiveCfg = Release|Any CPU
		{982C9FE2-79A8-4163-A78E-1CA53C108DC3}.Debug|Any CPU.ActiveCfg = Debug|Any CPU
		{982C9FE2-79A8-4163-A78E-1CA53C108DC3}.Debug|Any CPU.Build.0 = Debug|Any CPU
		{982C9FE2-79A8-4163-A78E-1CA53C108DC3}.Debug|x64.ActiveCfg = Debug|x64
		{982C9FE2-79A8-4163-A78E-1CA53C108DC3}.Debug|x64.Build.0 = Debug|x64
		{982C9FE2-79A8-4163-A78E-1CA53C108DC3}.Debug|x86.ActiveCfg = Debug|Any CPU
		{982C9FE2-79A8-4163-A78E-1CA53C108DC3}.Debug|x86.Build.0 = Debug|Any CPU
		{982C9FE2-79A8-4163-A78E-1CA53C108DC3}.Release|Any CPU.ActiveCfg = Release|Any CPU
		{982C9FE2-79A8-4163-A78E-1CA53C108DC3}.Release|Any CPU.Build.0 = Release|Any CPU
		{982C9FE2-79A8-4163-A78E-1CA53C108DC3}.Release|x64.ActiveCfg = Release|x64
		{982C9FE2-79A8-4163-A78E-1CA53C108DC3}.Release|x64.Build.0 = Release|x64
		{982C9FE2-79A8-4163-A78E-1CA53C108DC3}.Release|x86.ActiveCfg = Release|Any CPU
		{982C9FE2-79A8-4163-A78E-1CA53C108DC3}.Release|x86.Build.0 = Release|Any CPU
		{982C9FE2-79A8-4163-A78E-1CA53C108DC3}.ReleaseLight|Any CPU.ActiveCfg = Release|Any CPU
		{982C9FE2-79A8-4163-A78E-1CA53C108DC3}.ReleaseLight|Any CPU.Build.0 = Release|Any CPU
		{982C9FE2-79A8-4163-A78E-1CA53C108DC3}.ReleaseLight|x64.ActiveCfg = Release|x64
		{982C9FE2-79A8-4163-A78E-1CA53C108DC3}.ReleaseLight|x86.ActiveCfg = Release|Any CPU
		{573A5983-26EE-4E68-AA99-3130F1A91382}.Debug|Any CPU.ActiveCfg = Debug|x64
		{573A5983-26EE-4E68-AA99-3130F1A91382}.Debug|Any CPU.Build.0 = Debug|x64
		{573A5983-26EE-4E68-AA99-3130F1A91382}.Debug|x64.ActiveCfg = Debug|x64
		{573A5983-26EE-4E68-AA99-3130F1A91382}.Debug|x64.Build.0 = Debug|x64
		{573A5983-26EE-4E68-AA99-3130F1A91382}.Debug|x86.ActiveCfg = Debug|Any CPU
		{573A5983-26EE-4E68-AA99-3130F1A91382}.Debug|x86.Build.0 = Debug|Any CPU
		{573A5983-26EE-4E68-AA99-3130F1A91382}.Release|Any CPU.ActiveCfg = Release|Any CPU
		{573A5983-26EE-4E68-AA99-3130F1A91382}.Release|Any CPU.Build.0 = Release|Any CPU
		{573A5983-26EE-4E68-AA99-3130F1A91382}.Release|x64.ActiveCfg = Release|x64
		{573A5983-26EE-4E68-AA99-3130F1A91382}.Release|x64.Build.0 = Release|x64
		{573A5983-26EE-4E68-AA99-3130F1A91382}.Release|x86.ActiveCfg = Release|Any CPU
		{573A5983-26EE-4E68-AA99-3130F1A91382}.Release|x86.Build.0 = Release|Any CPU
		{573A5983-26EE-4E68-AA99-3130F1A91382}.ReleaseLight|Any CPU.ActiveCfg = Release|Any CPU
		{573A5983-26EE-4E68-AA99-3130F1A91382}.ReleaseLight|Any CPU.Build.0 = Release|Any CPU
		{573A5983-26EE-4E68-AA99-3130F1A91382}.ReleaseLight|x64.ActiveCfg = Release|x64
		{573A5983-26EE-4E68-AA99-3130F1A91382}.ReleaseLight|x86.ActiveCfg = Release|Any CPU
		{89A55385-2A68-41A1-9415-C45C6736C22E}.Debug|Any CPU.ActiveCfg = Debug|Any CPU
		{89A55385-2A68-41A1-9415-C45C6736C22E}.Debug|Any CPU.Build.0 = Debug|Any CPU
		{89A55385-2A68-41A1-9415-C45C6736C22E}.Debug|x64.ActiveCfg = Debug|Any CPU
		{89A55385-2A68-41A1-9415-C45C6736C22E}.Debug|x64.Build.0 = Debug|Any CPU
		{89A55385-2A68-41A1-9415-C45C6736C22E}.Debug|x86.ActiveCfg = Debug|Any CPU
		{89A55385-2A68-41A1-9415-C45C6736C22E}.Debug|x86.Build.0 = Debug|Any CPU
		{89A55385-2A68-41A1-9415-C45C6736C22E}.Release|Any CPU.ActiveCfg = Release|Any CPU
		{89A55385-2A68-41A1-9415-C45C6736C22E}.Release|Any CPU.Build.0 = Release|Any CPU
		{89A55385-2A68-41A1-9415-C45C6736C22E}.Release|x64.ActiveCfg = Release|Any CPU
		{89A55385-2A68-41A1-9415-C45C6736C22E}.Release|x64.Build.0 = Release|Any CPU
		{89A55385-2A68-41A1-9415-C45C6736C22E}.Release|x86.ActiveCfg = Release|Any CPU
		{89A55385-2A68-41A1-9415-C45C6736C22E}.Release|x86.Build.0 = Release|Any CPU
		{89A55385-2A68-41A1-9415-C45C6736C22E}.ReleaseLight|Any CPU.ActiveCfg = Release|Any CPU
		{89A55385-2A68-41A1-9415-C45C6736C22E}.ReleaseLight|Any CPU.Build.0 = Release|Any CPU
		{89A55385-2A68-41A1-9415-C45C6736C22E}.ReleaseLight|x64.ActiveCfg = Release|Any CPU
		{89A55385-2A68-41A1-9415-C45C6736C22E}.ReleaseLight|x64.Build.0 = Release|Any CPU
		{89A55385-2A68-41A1-9415-C45C6736C22E}.ReleaseLight|x86.ActiveCfg = Release|Any CPU
		{89A55385-2A68-41A1-9415-C45C6736C22E}.ReleaseLight|x86.Build.0 = Release|Any CPU
		{C5C7EECE-0732-4B4E-ACD7-A38443D2739A}.Debug|Any CPU.ActiveCfg = Debug|Any CPU
		{C5C7EECE-0732-4B4E-ACD7-A38443D2739A}.Debug|Any CPU.Build.0 = Debug|Any CPU
		{C5C7EECE-0732-4B4E-ACD7-A38443D2739A}.Debug|x64.ActiveCfg = Debug|x64
		{C5C7EECE-0732-4B4E-ACD7-A38443D2739A}.Debug|x64.Build.0 = Debug|x64
		{C5C7EECE-0732-4B4E-ACD7-A38443D2739A}.Debug|x86.ActiveCfg = Debug|Any CPU
		{C5C7EECE-0732-4B4E-ACD7-A38443D2739A}.Debug|x86.Build.0 = Debug|Any CPU
		{C5C7EECE-0732-4B4E-ACD7-A38443D2739A}.Release|Any CPU.ActiveCfg = Release|Any CPU
		{C5C7EECE-0732-4B4E-ACD7-A38443D2739A}.Release|Any CPU.Build.0 = Release|Any CPU
		{C5C7EECE-0732-4B4E-ACD7-A38443D2739A}.Release|x64.ActiveCfg = Release|x64
		{C5C7EECE-0732-4B4E-ACD7-A38443D2739A}.Release|x64.Build.0 = Release|x64
		{C5C7EECE-0732-4B4E-ACD7-A38443D2739A}.Release|x86.ActiveCfg = Release|Any CPU
		{C5C7EECE-0732-4B4E-ACD7-A38443D2739A}.Release|x86.Build.0 = Release|Any CPU
		{C5C7EECE-0732-4B4E-ACD7-A38443D2739A}.ReleaseLight|Any CPU.ActiveCfg = Release|Any CPU
		{C5C7EECE-0732-4B4E-ACD7-A38443D2739A}.ReleaseLight|Any CPU.Build.0 = Release|Any CPU
		{C5C7EECE-0732-4B4E-ACD7-A38443D2739A}.ReleaseLight|x64.ActiveCfg = Release|x64
		{C5C7EECE-0732-4B4E-ACD7-A38443D2739A}.ReleaseLight|x64.Build.0 = Release|x64
		{C5C7EECE-0732-4B4E-ACD7-A38443D2739A}.ReleaseLight|x86.ActiveCfg = Release|Any CPU
		{C5C7EECE-0732-4B4E-ACD7-A38443D2739A}.ReleaseLight|x86.Build.0 = Release|Any CPU
	EndGlobalSection
	GlobalSection(SolutionProperties) = preSolution
		HideSolutionNode = FALSE
	EndGlobalSection
	GlobalSection(ExtensibilityGlobals) = postSolution
		SolutionGuid = {1B772580-02B5-4333-9233-F6C57B5DDEF6}
	EndGlobalSection
EndGlobal
