<?xml version="1.0" encoding="utf-8"?>
<Project ToolsVersion="4.0" xmlns="http://schemas.microsoft.com/developer/msbuild/2003">
  <ItemGroup>
    <Filter Include="Source Files">
      <UniqueIdentifier>{4FC737F1-C7A5-4376-A066-2A32D752A2FF}</UniqueIdentifier>
      <Extensions>cpp;c;cc;cxx;c++;cppm;ixx;def;odl;idl;hpj;bat;asm;asmx</Extensions>
    </Filter>
    <Filter Include="Header Files">
      <UniqueIdentifier>{93995380-89BD-4b04-88EB-625FBE52EBFB}</UniqueIdentifier>
      <Extensions>h;hh;hpp;hxx;h++;hm;inl;inc;ipp;xsd</Extensions>
    </Filter>
    <Filter Include="Resource Files">
      <UniqueIdentifier>{67DA6AB6-F800-4c08-8B7A-83BB121AAD01}</UniqueIdentifier>
      <Extensions>rc;ico;cur;bmp;dlg;rc2;rct;bin;rgs;gif;jpg;jpeg;jpe;resx;tiff;tif;png;wav;mfcribbon-ms</Extensions>
    </Filter>
  </ItemGroup>
  <ItemGroup>
    <ClCompile Include="src\Application.cpp">
      <Filter>Source Files</Filter>
    </ClCompile>
    <ClCompile Include="src\Event.cpp">
      <Filter>Source Files</Filter>
    </ClCompile>
    <ClCompile Include="src\Console.cpp">
      <Filter>Source Files</Filter>
    </ClCompile>
    <ClCompile Include="src\graphics\Graphics.cpp">
      <Filter>Source Files</Filter>
    </ClCompile>
    <ClCompile Include="src\Resource.cpp">
      <Filter>Source Files</Filter>
    </ClCompile>
    <ClCompile Include="src\vector\Vector.cpp">
      <Filter>Source Files</Filter>
    </ClCompile>
    <ClCompile Include="src\vector\Math.cpp">
      <Filter>Source Files</Filter>
    </ClCompile>
    <ClCompile Include="src\vector\Matrix.cpp">
      <Filter>Source Files</Filter>
    </ClCompile>
    <ClCompile Include="src\vector\Quaternion.cpp">
      <Filter>Source Files</Filter>
    </ClCompile>
    <ClCompile Include="src\graphics\ModelReader.cpp">
      <Filter>Source Files</Filter>
    </ClCompile>
    <ClCompile Include="src\graphics\Model.cpp">
      <Filter>Source Files</Filter>
    </ClCompile>
    <ClCompile Include="src\graphics\Shader.cpp">
      <Filter>Source Files</Filter>
    </ClCompile>
    <ClCompile Include="src\physics\Physics.cpp">
      <Filter>Source Files</Filter>
    </ClCompile>
    <ClCompile Include="src\physics\FilterShader.cpp">
      <Filter>Source Files</Filter>
    </ClCompile>
    <ClCompile Include="src\graphics\Animation.cpp">
      <Filter>Source Files</Filter>
    </ClCompile>
    <ClCompile Include="src\graphics\Font.cpp">
      <Filter>Source Files</Filter>
    </ClCompile>
    <ClCompile Include="src\graphics\SpriteBatch.cpp">
      <Filter>Source Files</Filter>
    </ClCompile>
    <ClCompile Include="src\Hash.cpp">
      <Filter>Source Files</Filter>
    </ClCompile>
    <ClCompile Include="src\physics\Cloth.cpp">
      <Filter>Source Files</Filter>
    </ClCompile>
    <ClCompile Include="src\audio\Audio.cpp">
      <Filter>Source Files</Filter>
    </ClCompile>
    <ClCompile Include="src\audio\soloud\audiosource\wav\dr_impl.cpp">
      <Filter>Source Files</Filter>
    </ClCompile>
    <ClCompile Include="src\audio\soloud\audiosource\wav\soloud_wav.cpp">
      <Filter>Source Files</Filter>
    </ClCompile>
    <ClCompile Include="src\audio\soloud\audiosource\wav\soloud_wavstream.cpp">
      <Filter>Source Files</Filter>
    </ClCompile>
    <ClCompile Include="src\audio\soloud\audiosource\wav\stb_vorbis.c">
      <Filter>Source Files</Filter>
    </ClCompile>
    <ClCompile Include="src\audio\soloud\backend\winmm\soloud_winmm.cpp">
      <Filter>Source Files</Filter>
    </ClCompile>
    <ClCompile Include="src\audio\soloud\core\soloud.cpp">
      <Filter>Source Files</Filter>
    </ClCompile>
    <ClCompile Include="src\audio\soloud\core\soloud_audiosource.cpp">
      <Filter>Source Files</Filter>
    </ClCompile>
    <ClCompile Include="src\audio\soloud\core\soloud_bus.cpp">
      <Filter>Source Files</Filter>
    </ClCompile>
    <ClCompile Include="src\audio\soloud\core\soloud_core_3d.cpp">
      <Filter>Source Files</Filter>
    </ClCompile>
    <ClCompile Include="src\audio\soloud\core\soloud_core_basicops.cpp">
      <Filter>Source Files</Filter>
    </ClCompile>
    <ClCompile Include="src\audio\soloud\core\soloud_core_faderops.cpp">
      <Filter>Source Files</Filter>
    </ClCompile>
    <ClCompile Include="src\audio\soloud\core\soloud_core_filterops.cpp">
      <Filter>Source Files</Filter>
    </ClCompile>
    <ClCompile Include="src\audio\soloud\core\soloud_core_getters.cpp">
      <Filter>Source Files</Filter>
    </ClCompile>
    <ClCompile Include="src\audio\soloud\core\soloud_core_setters.cpp">
      <Filter>Source Files</Filter>
    </ClCompile>
    <ClCompile Include="src\audio\soloud\core\soloud_core_voicegroup.cpp">
      <Filter>Source Files</Filter>
    </ClCompile>
    <ClCompile Include="src\audio\soloud\core\soloud_core_voiceops.cpp">
      <Filter>Source Files</Filter>
    </ClCompile>
    <ClCompile Include="src\audio\soloud\core\soloud_fader.cpp">
      <Filter>Source Files</Filter>
    </ClCompile>
    <ClCompile Include="src\audio\soloud\core\soloud_fft.cpp">
      <Filter>Source Files</Filter>
    </ClCompile>
    <ClCompile Include="src\audio\soloud\core\soloud_fft_lut.cpp">
      <Filter>Source Files</Filter>
    </ClCompile>
    <ClCompile Include="src\audio\soloud\core\soloud_file.cpp">
      <Filter>Source Files</Filter>
    </ClCompile>
    <ClCompile Include="src\audio\soloud\core\soloud_filter.cpp">
      <Filter>Source Files</Filter>
    </ClCompile>
    <ClCompile Include="src\audio\soloud\core\soloud_misc.cpp">
      <Filter>Source Files</Filter>
    </ClCompile>
    <ClCompile Include="src\audio\soloud\core\soloud_queue.cpp">
      <Filter>Source Files</Filter>
    </ClCompile>
    <ClCompile Include="src\audio\soloud\core\soloud_thread.cpp">
      <Filter>Source Files</Filter>
    </ClCompile>
    <ClCompile Include="src\audio\soloud\filter\soloud_bassboostfilter.cpp">
      <Filter>Source Files</Filter>
    </ClCompile>
    <ClCompile Include="src\audio\soloud\filter\soloud_biquadresonantfilter.cpp">
      <Filter>Source Files</Filter>
    </ClCompile>
    <ClCompile Include="src\audio\soloud\filter\soloud_dcremovalfilter.cpp">
      <Filter>Source Files</Filter>
    </ClCompile>
    <ClCompile Include="src\audio\soloud\filter\soloud_echofilter.cpp">
      <Filter>Source Files</Filter>
    </ClCompile>
    <ClCompile Include="src\audio\soloud\filter\soloud_fftfilter.cpp">
      <Filter>Source Files</Filter>
    </ClCompile>
    <ClCompile Include="src\audio\soloud\filter\soloud_flangerfilter.cpp">
      <Filter>Source Files</Filter>
    </ClCompile>
    <ClCompile Include="src\audio\soloud\filter\soloud_freeverbfilter.cpp">
      <Filter>Source Files</Filter>
    </ClCompile>
    <ClCompile Include="src\audio\soloud\filter\soloud_lofifilter.cpp">
      <Filter>Source Files</Filter>
    </ClCompile>
    <ClCompile Include="src\audio\soloud\filter\soloud_robotizefilter.cpp">
      <Filter>Source Files</Filter>
    </ClCompile>
    <ClCompile Include="src\audio\soloud\filter\soloud_waveshaperfilter.cpp">
      <Filter>Source Files</Filter>
    </ClCompile>
  </ItemGroup>
  <ItemGroup>
    <ClInclude Include="src\Event.h">
      <Filter>Header Files</Filter>
    </ClInclude>
    <ClInclude Include="src\Input.h">
      <Filter>Header Files</Filter>
    </ClInclude>
    <ClInclude Include="src\Rainfall.h">
      <Filter>Header Files</Filter>
    </ClInclude>
    <ClInclude Include="src\Console.h">
      <Filter>Header Files</Filter>
    </ClInclude>
    <ClInclude Include="src\Application.h">
      <Filter>Header Files</Filter>
    </ClInclude>
    <ClInclude Include="src\Resource.h">
      <Filter>Header Files</Filter>
    </ClInclude>
    <ClInclude Include="src\vector\Vector.h">
      <Filter>Header Files</Filter>
    </ClInclude>
    <ClInclude Include="src\vector\Math.h">
      <Filter>Header Files</Filter>
    </ClInclude>
    <ClInclude Include="src\vector\Matrix.h">
      <Filter>Header Files</Filter>
    </ClInclude>
    <ClInclude Include="src\vector\Quaternion.h">
      <Filter>Header Files</Filter>
    </ClInclude>
    <ClInclude Include="src\graphics\Geometry.h">
      <Filter>Header Files</Filter>
    </ClInclude>
    <ClInclude Include="src\graphics\ModelReader.h">
      <Filter>Header Files</Filter>
    </ClInclude>
    <ClInclude Include="src\graphics\Model.h">
      <Filter>Header Files</Filter>
    </ClInclude>
    <ClInclude Include="src\graphics\Shader.h">
      <Filter>Header Files</Filter>
    </ClInclude>
    <ClInclude Include="src\physics\FilterShader.h">
      <Filter>Header Files</Filter>
    </ClInclude>
    <ClInclude Include="src\graphics\Graphics.h">
      <Filter>Header Files</Filter>
    </ClInclude>
    <ClInclude Include="src\graphics\Font.h">
      <Filter>Header Files</Filter>
    </ClInclude>
    <ClInclude Include="src\graphics\SpriteBatch.h">
      <Filter>Header Files</Filter>
    </ClInclude>
    <ClInclude Include="src\Hash.h">
      <Filter>Header Files</Filter>
    </ClInclude>
    <ClInclude Include="src\graphics\Animation.h">
      <Filter>Header Files</Filter>
    </ClInclude>
    <ClInclude Include="src\physics\Cloth.h">
      <Filter>Header Files</Filter>
    </ClInclude>
    <ClInclude Include="src\utils\List.h">
      <Filter>Header Files</Filter>
    </ClInclude>
    <ClInclude Include="src\audio\Audio.h">
      <Filter>Header Files</Filter>
    </ClInclude>
    <ClInclude Include="src\audio\soloud\audiosource\wav\dr_flac.h">
      <Filter>Header Files</Filter>
    </ClInclude>
    <ClInclude Include="src\audio\soloud\audiosource\wav\dr_mp3.h">
      <Filter>Header Files</Filter>
    </ClInclude>
    <ClInclude Include="src\audio\soloud\audiosource\wav\dr_wav.h">
      <Filter>Header Files</Filter>
    </ClInclude>
    <ClInclude Include="src\audio\soloud\audiosource\wav\stb_vorbis.h">
      <Filter>Header Files</Filter>
    </ClInclude>
  </ItemGroup>
</Project>