<?xml version="1.0" encoding="utf-8"?>
<Project ToolsVersion="4.0" xmlns="http://schemas.microsoft.com/developer/msbuild/2003">
  <ItemGroup>
    <Filter Include="Source Files">
      <UniqueIdentifier>{4FC737F1-C7A5-4376-A066-2A32D752A2FF}</UniqueIdentifier>
      <Extensions>cpp;c;cc;cxx;c++;cppm;ixx;def;odl;idl;hpj;bat;asm;asmx</Extensions>
    </Filter>
    <Filter Include="Header Files">
      <UniqueIdentifier>{93995380-89BD-4b04-88EB-625FBE52EBFB}</UniqueIdentifier>
      <Extensions>h;hh;hpp;hxx;h++;hm;inl;inc;ipp;xsd</Extensions>
    </Filter>
    <Filter Include="Resource Files">
      <UniqueIdentifier>{67DA6AB6-F800-4c08-8B7A-83BB121AAD01}</UniqueIdentifier>
      <Extensions>rc;ico;cur;bmp;dlg;rc2;rct;bin;rgs;gif;jpg;jpeg;jpe;resx;tiff;tif;png;wav;mfcribbon-ms</Extensions>
    </Filter>
  </ItemGroup>
  <ItemGroup>
    <ClCompile Include="src\ResourceCompiler.cpp">
      <Filter>Source Files</Filter>
    </ClCompile>
    <ClCompile Include="src\shader\ShaderCompiler.cpp">
      <Filter>Source Files</Filter>
    </ClCompile>
    <ClCompile Include="src\TextureCompiler.cpp">
      <Filter>Source Files</Filter>
    </ClCompile>
    <ClCompile Include="src\GeometryCompiler.cpp">
      <Filter>Source Files</Filter>
    </ClCompile>
    <ClCompile Include="src\ModelWriter.cpp">
      <Filter>Source Files</Filter>
    </ClCompile>
    <ClCompile Include="src\ResourcePackager.cpp">
      <Filter>Source Files</Filter>
    </ClCompile>
    <ClCompile Include="src\shader\parser\input.cpp">
      <Filter>Source Files</Filter>
    </ClCompile>
    <ClCompile Include="src\shader\parser\lexer.cpp">
      <Filter>Source Files</Filter>
    </ClCompile>
    <ClCompile Include="src\shader\parser\Parser.cpp">
      <Filter>Source Files</Filter>
    </ClCompile>
    <ClCompile Include="src\shader\ast\Declaration.cpp">
      <Filter>Source Files</Filter>
    </ClCompile>
    <ClCompile Include="src\shader\ast\Element.cpp">
      <Filter>Source Files</Filter>
    </ClCompile>
    <ClCompile Include="src\shader\ast\Expression.cpp">
      <Filter>Source Files</Filter>
    </ClCompile>
    <ClCompile Include="src\shader\ast\File.cpp">
      <Filter>Source Files</Filter>
    </ClCompile>
    <ClCompile Include="src\shader\ast\Module.cpp">
      <Filter>Source Files</Filter>
    </ClCompile>
    <ClCompile Include="src\shader\ast\Statement.cpp">
      <Filter>Source Files</Filter>
    </ClCompile>
    <ClCompile Include="src\shader\ast\Type.cpp">
      <Filter>Source Files</Filter>
    </ClCompile>
    <ClCompile Include="src\shader\semantics\Enum.cpp">
      <Filter>Source Files</Filter>
    </ClCompile>
    <ClCompile Include="src\shader\semantics\Exprdef.cpp">
      <Filter>Source Files</Filter>
    </ClCompile>
    <ClCompile Include="src\shader\semantics\Function.cpp">
      <Filter>Source Files</Filter>
    </ClCompile>
    <ClCompile Include="src\shader\semantics\Mangling.cpp">
      <Filter>Source Files</Filter>
    </ClCompile>
    <ClCompile Include="src\shader\semantics\Resolver.cpp">
      <Filter>Source Files</Filter>
    </ClCompile>
    <ClCompile Include="src\shader\semantics\Struct.cpp">
      <Filter>Source Files</Filter>
    </ClCompile>
    <ClCompile Include="src\shader\semantics\Type_Semantics.cpp">
      <Filter>Source Files</Filter>
    </ClCompile>
    <ClCompile Include="src\shader\semantics\Typedef.cpp">
      <Filter>Source Files</Filter>
    </ClCompile>
    <ClCompile Include="src\shader\semantics\Variable.cpp">
      <Filter>Source Files</Filter>
    </ClCompile>
    <ClCompile Include="src\shader\utils\Hash.cpp">
      <Filter>Source Files</Filter>
    </ClCompile>
    <ClCompile Include="src\shader\utils\Log.cpp">
      <Filter>Source Files</Filter>
    </ClCompile>
    <ClCompile Include="src\shader\utils\StringBuffer.cpp">
      <Filter>Source Files</Filter>
    </ClCompile>
    <ClCompile Include="src\shader\utils\Utils.cpp">
      <Filter>Source Files</Filter>
    </ClCompile>
    <ClCompile Include="src\shader\CGLCompiler.cpp">
      <Filter>Source Files</Filter>
    </ClCompile>
  </ItemGroup>
  <ItemGroup>
    <ClInclude Include="src\shader\ShaderCompiler.h">
      <Filter>Header Files</Filter>
    </ClInclude>
    <ClInclude Include="src\TextureCompiler.h">
      <Filter>Header Files</Filter>
    </ClInclude>
    <ClInclude Include="src\GeometryCompiler.h">
      <Filter>Header Files</Filter>
    </ClInclude>
    <ClInclude Include="src\Geometry.h">
      <Filter>Header Files</Filter>
    </ClInclude>
    <ClInclude Include="src\ModelWriter.h">
      <Filter>Header Files</Filter>
    </ClInclude>
    <ClInclude Include="src\ResourcePackager.h">
      <Filter>Header Files</Filter>
    </ClInclude>
    <ClInclude Include="src\ResourceCompiler.h">
      <Filter>Header Files</Filter>
    </ClInclude>
    <ClInclude Include="src\shader\parser\input.h">
      <Filter>Header Files</Filter>
    </ClInclude>
    <ClInclude Include="src\shader\parser\Keywords.h">
      <Filter>Header Files</Filter>
    </ClInclude>
    <ClInclude Include="src\shader\parser\lexer.h">
      <Filter>Header Files</Filter>
    </ClInclude>
    <ClInclude Include="src\shader\parser\Parser.h">
      <Filter>Header Files</Filter>
    </ClInclude>
    <ClInclude Include="src\shader\ast\Declaration.h">
      <Filter>Header Files</Filter>
    </ClInclude>
    <ClInclude Include="src\shader\ast\Element.h">
      <Filter>Header Files</Filter>
    </ClInclude>
    <ClInclude Include="src\shader\ast\Expression.h">
      <Filter>Header Files</Filter>
    </ClInclude>
    <ClInclude Include="src\shader\ast\File.h">
      <Filter>Header Files</Filter>
    </ClInclude>
    <ClInclude Include="src\shader\ast\Module.h">
      <Filter>Header Files</Filter>
    </ClInclude>
    <ClInclude Include="src\shader\ast\Statement.h">
      <Filter>Header Files</Filter>
    </ClInclude>
    <ClInclude Include="src\shader\ast\Type.h">
      <Filter>Header Files</Filter>
    </ClInclude>
    <ClInclude Include="src\shader\semantics\Enum.h">
      <Filter>Header Files</Filter>
    </ClInclude>
    <ClInclude Include="src\shader\semantics\Exprdef.h">
      <Filter>Header Files</Filter>
    </ClInclude>
    <ClInclude Include="src\shader\semantics\Function.h">
      <Filter>Header Files</Filter>
    </ClInclude>
    <ClInclude Include="src\shader\semantics\Mangling.h">
      <Filter>Header Files</Filter>
    </ClInclude>
    <ClInclude Include="src\shader\semantics\Resolver.h">
      <Filter>Header Files</Filter>
    </ClInclude>
    <ClInclude Include="src\shader\semantics\Struct.h">
      <Filter>Header Files</Filter>
    </ClInclude>
    <ClInclude Include="src\shader\semantics\Type.h">
      <Filter>Header Files</Filter>
    </ClInclude>
    <ClInclude Include="src\shader\semantics\Typedef.h">
      <Filter>Header Files</Filter>
    </ClInclude>
    <ClInclude Include="src\shader\semantics\Variable.h">
      <Filter>Header Files</Filter>
    </ClInclude>
    <ClInclude Include="src\shader\utils\Hash.h">
      <Filter>Header Files</Filter>
    </ClInclude>
    <ClInclude Include="src\shader\utils\List.h">
      <Filter>Header Files</Filter>
    </ClInclude>
    <ClInclude Include="src\shader\utils\Log.h">
      <Filter>Header Files</Filter>
    </ClInclude>
    <ClInclude Include="src\shader\utils\StringBuffer.h">
      <Filter>Header Files</Filter>
    </ClInclude>
    <ClInclude Include="src\shader\utils\Utils.h">
      <Filter>Header Files</Filter>
    </ClInclude>
    <ClInclude Include="src\shader\CGLCompiler.h">
      <Filter>Header Files</Filter>
    </ClInclude>
    <ClInclude Include="src\shader\Common.h">
      <Filter>Header Files</Filter>
    </ClInclude>
    <ClInclude Include="src\shader\SourceFile.h">
      <Filter>Header Files</Filter>
    </ClInclude>
    <ClInclude Include="src\shader\includes\bgfx_shader.h">
      <Filter>Header Files</Filter>
    </ClInclude>
    <ClInclude Include="src\shader\includes\bgfx_compute.h">
      <Filter>Header Files</Filter>
    </ClInclude>
  </ItemGroup>
</Project>